
Microsoft Visual Studio Solution File, Format Version 12.00
# Visual Studio Version 16
VisualStudioVersion = 16.0.31129.286
MinimumVisualStudioVersion = 10.0.40219.1
Project("{FAE04EC0-301F-11D3-BF4B-00C04F79EFBC}") = "caro", "caro\caro.csproj", "{0BF0FD5B-5DC9-4726-9DA2-08C58D81E53A}"
EndProject
Global
	GlobalSection(SolutionConfigurationPlatforms) = preSolution
		Debug|Any CPU = Debug|Any CPU
		Release|Any CPU = Release|Any CPU
	EndGlobalSection
	GlobalSection(ProjectConfigurationPlatforms) = postSolution
		{0BF0FD5B-5DC9-4726-9DA2-08C58D81E53A}.Debug|Any CPU.ActiveCfg = Debug|Any CPU
		{0BF0FD5B-5DC9-4726-9DA2-08C58D81E53A}.Debug|Any CPU.Build.0 = Debug|Any CPU
		{0BF0FD5B-5DC9-4726-9DA2-08C58D81E53A}.Release|Any CPU.ActiveCfg = Release|Any CPU
		{0BF0FD5B-5DC9-4726-9DA2-08C58D81E53A}.Release|Any CPU.Build.0 = Release|Any CPU
	EndGlobalSection
	GlobalSection(SolutionProperties) = preSolution
		HideSolutionNode = FALSE
	EndGlobalSection
	GlobalSection(ExtensibilityGlobals) = postSolution
		SolutionGuid = {1D235DAA-7536-4761-A586-15FBEDE28694}
	EndGlobalSection
EndGlobal
